// !$*UTF8*$!
{
	archiveVersion = 1;
	classes = {
	};
	objectVersion = 50;
	objects = {

/* Begin PBXBuildFile section */
		6969ECBC26134294008CB0B2 /* AppDelegate.swift in Sources */ = {isa = PBXBuildFile; fileRef = 6969ECBB26134294008CB0B2 /* AppDelegate.swift */; };
		6969ECBE26134294008CB0B2 /* SceneDelegate.swift in Sources */ = {isa = PBXBuildFile; fileRef = 6969ECBD26134294008CB0B2 /* SceneDelegate.swift */; };
		6969ECC026134294008CB0B2 /* ContactViewControllerViewController.swift in Sources */ = {isa = PBXBuildFile; fileRef = 6969ECBF26134294008CB0B2 /* ContactViewControllerViewController.swift */; };
		6969ECC326134294008CB0B2 /* Main.storyboard in Resources */ = {isa = PBXBuildFile; fileRef = 6969ECC126134294008CB0B2 /* Main.storyboard */; };
		6969ECC626134294008CB0B2 /* ninja.xcdatamodeld in Sources */ = {isa = PBXBuildFile; fileRef = 6969ECC426134294008CB0B2 /* ninja.xcdatamodeld */; };
		6969ECC826134295008CB0B2 /* Assets.xcassets in Resources */ = {isa = PBXBuildFile; fileRef = 6969ECC726134295008CB0B2 /* Assets.xcassets */; };
		6969ECCB26134295008CB0B2 /* LaunchScreen.storyboard in Resources */ = {isa = PBXBuildFile; fileRef = 6969ECC926134295008CB0B2 /* LaunchScreen.storyboard */; };
		6969ECD526134450008CB0B2 /* MsgViewController.swift in Sources */ = {isa = PBXBuildFile; fileRef = 6969ECD426134450008CB0B2 /* MsgViewController.swift */; };
		6969ECDB261344CA008CB0B2 /* WalletViewController.swift in Sources */ = {isa = PBXBuildFile; fileRef = 6969ECDA261344CA008CB0B2 /* WalletViewController.swift */; };
		69B8C066261C580400B4E4AC /* libbls384_256.a in Frameworks */ = {isa = PBXBuildFile; fileRef = 69B8C065261C580400B4E4AC /* libbls384_256.a */; settings = {ATTRIBUTES = (Weak, ); }; };
		69B8C06B261C582B00B4E4AC /* libc++.tbd in Frameworks */ = {isa = PBXBuildFile; fileRef = 69B8C068261C582B00B4E4AC /* libc++.tbd */; };
		69B8C06C261C582B00B4E4AC /* libc++.1.tbd in Frameworks */ = {isa = PBXBuildFile; fileRef = 69B8C069261C582B00B4E4AC /* libc++.1.tbd */; };
		69B8C06D261C582B00B4E4AC /* libc++abi.tbd in Frameworks */ = {isa = PBXBuildFile; fileRef = 69B8C06A261C582B00B4E4AC /* libc++abi.tbd */; };
		69B8C091261C5E1200B4E4AC /* Wallet.swift in Sources */ = {isa = PBXBuildFile; fileRef = 69F8D101261AA615009D7AF3 /* Wallet.swift */; };
		69B8C092261C5E1200B4E4AC /* ContactViewControllerViewController.swift in Sources */ = {isa = PBXBuildFile; fileRef = 6969ECBF26134294008CB0B2 /* ContactViewControllerViewController.swift */; };
		69B8C093261C5E1200B4E4AC /* AppDelegate.swift in Sources */ = {isa = PBXBuildFile; fileRef = 6969ECBB26134294008CB0B2 /* AppDelegate.swift */; };
		69B8C094261C5E1200B4E4AC /* MsgViewController.swift in Sources */ = {isa = PBXBuildFile; fileRef = 6969ECD426134450008CB0B2 /* MsgViewController.swift */; };
		69B8C095261C5E1200B4E4AC /* CoreData.swift in Sources */ = {isa = PBXBuildFile; fileRef = 69F8D106261AA7FE009D7AF3 /* CoreData.swift */; };
		69B8C096261C5E1200B4E4AC /* Utils.swift in Sources */ = {isa = PBXBuildFile; fileRef = 69F8D10B261AEA39009D7AF3 /* Utils.swift */; };
		69B8C097261C5E1200B4E4AC /* ninja.xcdatamodeld in Sources */ = {isa = PBXBuildFile; fileRef = 6969ECC426134294008CB0B2 /* ninja.xcdatamodeld */; };
		69B8C098261C5E1200B4E4AC /* NewWalletViewController.swift in Sources */ = {isa = PBXBuildFile; fileRef = 69F8D0FD261AA544009D7AF3 /* NewWalletViewController.swift */; };
		69B8C099261C5E1200B4E4AC /* SceneDelegate.swift in Sources */ = {isa = PBXBuildFile; fileRef = 6969ECBD26134294008CB0B2 /* SceneDelegate.swift */; };
		69B8C09A261C5E1200B4E4AC /* WalletViewController.swift in Sources */ = {isa = PBXBuildFile; fileRef = 6969ECDA261344CA008CB0B2 /* WalletViewController.swift */; };
		69B8C09C261C5E1200B4E4AC /* libc++.tbd in Frameworks */ = {isa = PBXBuildFile; fileRef = 69B8C068261C582B00B4E4AC /* libc++.tbd */; };
		69B8C09D261C5E1200B4E4AC /* libc++.1.tbd in Frameworks */ = {isa = PBXBuildFile; fileRef = 69B8C069261C582B00B4E4AC /* libc++.1.tbd */; };
		69B8C09E261C5E1200B4E4AC /* libc++abi.tbd in Frameworks */ = {isa = PBXBuildFile; fileRef = 69B8C06A261C582B00B4E4AC /* libc++abi.tbd */; };
		69B8C09F261C5E1200B4E4AC /* iosLib.framework in Frameworks */ = {isa = PBXBuildFile; fileRef = 69F8D110261B3626009D7AF3 /* iosLib.framework */; };
		69B8C0A2261C5E1200B4E4AC /* LaunchScreen.storyboard in Resources */ = {isa = PBXBuildFile; fileRef = 6969ECC926134295008CB0B2 /* LaunchScreen.storyboard */; };
		69B8C0A3261C5E1200B4E4AC /* Assets.xcassets in Resources */ = {isa = PBXBuildFile; fileRef = 6969ECC726134295008CB0B2 /* Assets.xcassets */; };
		69B8C0A4261C5E1200B4E4AC /* Main.storyboard in Resources */ = {isa = PBXBuildFile; fileRef = 6969ECC126134294008CB0B2 /* Main.storyboard */; };
		69B8C0AF261C5F0100B4E4AC /* libbls384_256_sim.a in Frameworks */ = {isa = PBXBuildFile; fileRef = 69B8C0AE261C5F0100B4E4AC /* libbls384_256_sim.a */; };
		69B8C0BC261C683100B4E4AC /* NJError.swift in Sources */ = {isa = PBXBuildFile; fileRef = 69B8C0BB261C683100B4E4AC /* NJError.swift */; };
		69B8C0BF261C689C00B4E4AC /* NJError.swift in Sources */ = {isa = PBXBuildFile; fileRef = 69B8C0BB261C683100B4E4AC /* NJError.swift */; };
		69B8C0C3261C703800B4E4AC /* WebsocketSrv.swift in Sources */ = {isa = PBXBuildFile; fileRef = 69B8C0C2261C703800B4E4AC /* WebsocketSrv.swift */; };
		69B8C0C4261C703800B4E4AC /* WebsocketSrv.swift in Sources */ = {isa = PBXBuildFile; fileRef = 69B8C0C2261C703800B4E4AC /* WebsocketSrv.swift */; };
		69B8C0C8261C8AD100B4E4AC /* ServiceDelegate.swift in Sources */ = {isa = PBXBuildFile; fileRef = 69B8C0C7261C8AD100B4E4AC /* ServiceDelegate.swift */; };
		69B8C0C9261C8AD100B4E4AC /* ServiceDelegate.swift in Sources */ = {isa = PBXBuildFile; fileRef = 69B8C0C7261C8AD100B4E4AC /* ServiceDelegate.swift */; };
		69B8C0CD261D2C0900B4E4AC /* MessageListViewController.swift in Sources */ = {isa = PBXBuildFile; fileRef = 69B8C0CC261D2C0900B4E4AC /* MessageListViewController.swift */; };
		69B8C0CE261D2C0900B4E4AC /* MessageListViewController.swift in Sources */ = {isa = PBXBuildFile; fileRef = 69B8C0CC261D2C0900B4E4AC /* MessageListViewController.swift */; };
		69B8C0D2261D2D4600B4E4AC /* MesasgeItemTableViewCell.swift in Sources */ = {isa = PBXBuildFile; fileRef = 69B8C0D1261D2D4600B4E4AC /* MesasgeItemTableViewCell.swift */; };
		69B8C0D3261D2D4600B4E4AC /* MesasgeItemTableViewCell.swift in Sources */ = {isa = PBXBuildFile; fileRef = 69B8C0D1261D2D4600B4E4AC /* MesasgeItemTableViewCell.swift */; };
		69B8C0D7261D2ED100B4E4AC /* PasswordViewController.swift in Sources */ = {isa = PBXBuildFile; fileRef = 69B8C0D6261D2ED100B4E4AC /* PasswordViewController.swift */; };
		69B8C0D8261D2ED100B4E4AC /* PasswordViewController.swift in Sources */ = {isa = PBXBuildFile; fileRef = 69B8C0D6261D2ED100B4E4AC /* PasswordViewController.swift */; };
		69B8C0DC261D334100B4E4AC /* ChatItem.swift in Sources */ = {isa = PBXBuildFile; fileRef = 69B8C0DB261D334100B4E4AC /* ChatItem.swift */; };
		69B8C0DD261D334100B4E4AC /* ChatItem.swift in Sources */ = {isa = PBXBuildFile; fileRef = 69B8C0DB261D334100B4E4AC /* ChatItem.swift */; };
		69B8C0E1261D334900B4E4AC /* MessageItem.swift in Sources */ = {isa = PBXBuildFile; fileRef = 69B8C0E0261D334900B4E4AC /* MessageItem.swift */; };
		69B8C0E2261D334900B4E4AC /* MessageItem.swift in Sources */ = {isa = PBXBuildFile; fileRef = 69B8C0E0261D334900B4E4AC /* MessageItem.swift */; };
		69F8D0FE261AA544009D7AF3 /* NewWalletViewController.swift in Sources */ = {isa = PBXBuildFile; fileRef = 69F8D0FD261AA544009D7AF3 /* NewWalletViewController.swift */; };
		69F8D102261AA615009D7AF3 /* Wallet.swift in Sources */ = {isa = PBXBuildFile; fileRef = 69F8D101261AA615009D7AF3 /* Wallet.swift */; };
		69F8D107261AA7FE009D7AF3 /* CoreData.swift in Sources */ = {isa = PBXBuildFile; fileRef = 69F8D106261AA7FE009D7AF3 /* CoreData.swift */; };
		69F8D10C261AEA39009D7AF3 /* Utils.swift in Sources */ = {isa = PBXBuildFile; fileRef = 69F8D10B261AEA39009D7AF3 /* Utils.swift */; };
		69F8D111261B3626009D7AF3 /* iosLib.framework in Frameworks */ = {isa = PBXBuildFile; fileRef = 69F8D110261B3626009D7AF3 /* iosLib.framework */; };
/* End PBXBuildFile section */

/* Begin PBXFileReference section */
		6969ECB826134294008CB0B2 /* ninja-light.app */ = {isa = PBXFileReference; explicitFileType = wrapper.application; includeInIndex = 0; path = "ninja-light.app"; sourceTree = BUILT_PRODUCTS_DIR; };
		6969ECBB26134294008CB0B2 /* AppDelegate.swift */ = {isa = PBXFileReference; lastKnownFileType = sourcecode.swift; path = AppDelegate.swift; sourceTree = "<group>"; };
		6969ECBD26134294008CB0B2 /* SceneDelegate.swift */ = {isa = PBXFileReference; lastKnownFileType = sourcecode.swift; path = SceneDelegate.swift; sourceTree = "<group>"; };
		6969ECBF26134294008CB0B2 /* ContactViewControllerViewController.swift */ = {isa = PBXFileReference; lastKnownFileType = sourcecode.swift; path = ContactViewControllerViewController.swift; sourceTree = "<group>"; };
		6969ECC226134294008CB0B2 /* Base */ = {isa = PBXFileReference; lastKnownFileType = file.storyboard; name = Base; path = Base.lproj/Main.storyboard; sourceTree = "<group>"; };
		6969ECC526134294008CB0B2 /* ninja.xcdatamodel */ = {isa = PBXFileReference; lastKnownFileType = wrapper.xcdatamodel; path = ninja.xcdatamodel; sourceTree = "<group>"; };
		6969ECC726134295008CB0B2 /* Assets.xcassets */ = {isa = PBXFileReference; lastKnownFileType = folder.assetcatalog; path = Assets.xcassets; sourceTree = "<group>"; };
		6969ECCA26134295008CB0B2 /* Base */ = {isa = PBXFileReference; lastKnownFileType = file.storyboard; name = Base; path = Base.lproj/LaunchScreen.storyboard; sourceTree = "<group>"; };
		6969ECCC26134295008CB0B2 /* Info.plist */ = {isa = PBXFileReference; lastKnownFileType = text.plist.xml; path = Info.plist; sourceTree = "<group>"; };
		6969ECD426134450008CB0B2 /* MsgViewController.swift */ = {isa = PBXFileReference; lastKnownFileType = sourcecode.swift; path = MsgViewController.swift; sourceTree = "<group>"; };
		6969ECDA261344CA008CB0B2 /* WalletViewController.swift */ = {isa = PBXFileReference; lastKnownFileType = sourcecode.swift; path = WalletViewController.swift; sourceTree = "<group>"; };
		69B8C065261C580400B4E4AC /* libbls384_256.a */ = {isa = PBXFileReference; lastKnownFileType = archive.ar; name = libbls384_256.a; path = bin/libbls384_256.a; sourceTree = "<group>"; };
		69B8C068261C582B00B4E4AC /* libc++.tbd */ = {isa = PBXFileReference; lastKnownFileType = "sourcecode.text-based-dylib-definition"; name = "libc++.tbd"; path = "usr/lib/libc++.tbd"; sourceTree = SDKROOT; };
		69B8C069261C582B00B4E4AC /* libc++.1.tbd */ = {isa = PBXFileReference; lastKnownFileType = "sourcecode.text-based-dylib-definition"; name = "libc++.1.tbd"; path = "usr/lib/libc++.1.tbd"; sourceTree = SDKROOT; };
		69B8C06A261C582B00B4E4AC /* libc++abi.tbd */ = {isa = PBXFileReference; lastKnownFileType = "sourcecode.text-based-dylib-definition"; name = "libc++abi.tbd"; path = "usr/lib/libc++abi.tbd"; sourceTree = SDKROOT; };
		69B8C0A8261C5E1200B4E4AC /* ninja-light_sim.app */ = {isa = PBXFileReference; explicitFileType = wrapper.application; includeInIndex = 0; path = "ninja-light_sim.app"; sourceTree = BUILT_PRODUCTS_DIR; };
		69B8C0A9261C5E1200B4E4AC /* ninja-light copy2-Info.plist */ = {isa = PBXFileReference; lastKnownFileType = text.plist.xml; name = "ninja-light copy2-Info.plist"; path = "/Users/hyperorchid/hyperorchid/ninja-ios-light/ninja/ninja-light copy2-Info.plist"; sourceTree = "<absolute>"; };
		69B8C0AE261C5F0100B4E4AC /* libbls384_256_sim.a */ = {isa = PBXFileReference; lastKnownFileType = archive.ar; name = libbls384_256_sim.a; path = bin/libbls384_256_sim.a; sourceTree = "<group>"; };
		69B8C0B2261C627E00B4E4AC /* Cartfile */ = {isa = PBXFileReference; lastKnownFileType = text; path = Cartfile; sourceTree = "<group>"; };
		69B8C0BB261C683100B4E4AC /* NJError.swift */ = {isa = PBXFileReference; lastKnownFileType = sourcecode.swift; path = NJError.swift; sourceTree = "<group>"; };
		69B8C0C2261C703800B4E4AC /* WebsocketSrv.swift */ = {isa = PBXFileReference; lastKnownFileType = sourcecode.swift; path = WebsocketSrv.swift; sourceTree = "<group>"; };
		69B8C0C7261C8AD100B4E4AC /* ServiceDelegate.swift */ = {isa = PBXFileReference; lastKnownFileType = sourcecode.swift; path = ServiceDelegate.swift; sourceTree = "<group>"; };
		69B8C0CC261D2C0900B4E4AC /* MessageListViewController.swift */ = {isa = PBXFileReference; lastKnownFileType = sourcecode.swift; path = MessageListViewController.swift; sourceTree = "<group>"; };
		69B8C0D1261D2D4600B4E4AC /* MesasgeItemTableViewCell.swift */ = {isa = PBXFileReference; lastKnownFileType = sourcecode.swift; path = MesasgeItemTableViewCell.swift; sourceTree = "<group>"; };
		69B8C0D6261D2ED100B4E4AC /* PasswordViewController.swift */ = {isa = PBXFileReference; lastKnownFileType = sourcecode.swift; path = PasswordViewController.swift; sourceTree = "<group>"; };
		69B8C0DB261D334100B4E4AC /* ChatItem.swift */ = {isa = PBXFileReference; lastKnownFileType = sourcecode.swift; path = ChatItem.swift; sourceTree = "<group>"; };
		69B8C0E0261D334900B4E4AC /* MessageItem.swift */ = {isa = PBXFileReference; lastKnownFileType = sourcecode.swift; path = MessageItem.swift; sourceTree = "<group>"; };
		69F8D0FD261AA544009D7AF3 /* NewWalletViewController.swift */ = {isa = PBXFileReference; lastKnownFileType = sourcecode.swift; path = NewWalletViewController.swift; sourceTree = "<group>"; };
		69F8D101261AA615009D7AF3 /* Wallet.swift */ = {isa = PBXFileReference; lastKnownFileType = sourcecode.swift; path = Wallet.swift; sourceTree = "<group>"; };
		69F8D106261AA7FE009D7AF3 /* CoreData.swift */ = {isa = PBXFileReference; lastKnownFileType = sourcecode.swift; path = CoreData.swift; sourceTree = "<group>"; };
		69F8D10B261AEA39009D7AF3 /* Utils.swift */ = {isa = PBXFileReference; lastKnownFileType = sourcecode.swift; path = Utils.swift; sourceTree = "<group>"; };
		69F8D110261B3626009D7AF3 /* iosLib.framework */ = {isa = PBXFileReference; lastKnownFileType = wrapper.framework; name = iosLib.framework; path = bin/iosLib.framework; sourceTree = "<group>"; };
/* End PBXFileReference section */

/* Begin PBXFrameworksBuildPhase section */
		6969ECB526134293008CB0B2 /* Frameworks */ = {
			isa = PBXFrameworksBuildPhase;
			buildActionMask = 2147483647;
			files = (
				69B8C06B261C582B00B4E4AC /* libc++.tbd in Frameworks */,
				69B8C06C261C582B00B4E4AC /* libc++.1.tbd in Frameworks */,
				69B8C06D261C582B00B4E4AC /* libc++abi.tbd in Frameworks */,
				69F8D111261B3626009D7AF3 /* iosLib.framework in Frameworks */,
				69B8C066261C580400B4E4AC /* libbls384_256.a in Frameworks */,
			);
			runOnlyForDeploymentPostprocessing = 0;
		};
		69B8C09B261C5E1200B4E4AC /* Frameworks */ = {
			isa = PBXFrameworksBuildPhase;
			buildActionMask = 2147483647;
			files = (
				69B8C09C261C5E1200B4E4AC /* libc++.tbd in Frameworks */,
				69B8C09D261C5E1200B4E4AC /* libc++.1.tbd in Frameworks */,
				69B8C09E261C5E1200B4E4AC /* libc++abi.tbd in Frameworks */,
				69B8C0AF261C5F0100B4E4AC /* libbls384_256_sim.a in Frameworks */,
				69B8C09F261C5E1200B4E4AC /* iosLib.framework in Frameworks */,
			);
			runOnlyForDeploymentPostprocessing = 0;
		};
/* End PBXFrameworksBuildPhase section */

/* Begin PBXGroup section */
		6969ECAF26134293008CB0B2 = {
			isa = PBXGroup;
			children = (
				69B8C0B2261C627E00B4E4AC /* Cartfile */,
				6969ECBA26134294008CB0B2 /* ninja-light */,
				6969ECB926134294008CB0B2 /* Products */,
				69F8D10F261B3626009D7AF3 /* Frameworks */,
				69B8C0A9261C5E1200B4E4AC /* ninja-light copy2-Info.plist */,
			);
			sourceTree = "<group>";
		};
		6969ECB926134294008CB0B2 /* Products */ = {
			isa = PBXGroup;
			children = (
				6969ECB826134294008CB0B2 /* ninja-light.app */,
				69B8C0A8261C5E1200B4E4AC /* ninja-light_sim.app */,
			);
			name = Products;
			sourceTree = "<group>";
		};
		6969ECBA26134294008CB0B2 /* ninja-light */ = {
			isa = PBXGroup;
			children = (
				69F8D10A261AEA27009D7AF3 /* common */,
				69F8D100261AA603009D7AF3 /* model */,
				6969ECD9261344BD008CB0B2 /* wallet */,
				6969ECD72613448B008CB0B2 /* contact */,
				6969ECD32613443A008CB0B2 /* message */,
				6969ECBB26134294008CB0B2 /* AppDelegate.swift */,
				6969ECBD26134294008CB0B2 /* SceneDelegate.swift */,
				6969ECC126134294008CB0B2 /* Main.storyboard */,
				6969ECC726134295008CB0B2 /* Assets.xcassets */,
				6969ECC926134295008CB0B2 /* LaunchScreen.storyboard */,
				6969ECCC26134295008CB0B2 /* Info.plist */,
				6969ECC426134294008CB0B2 /* ninja.xcdatamodeld */,
			);
			path = "ninja-light";
			sourceTree = "<group>";
		};
		6969ECD32613443A008CB0B2 /* message */ = {
			isa = PBXGroup;
			children = (
				6969ECD426134450008CB0B2 /* MsgViewController.swift */,
				69B8C0CC261D2C0900B4E4AC /* MessageListViewController.swift */,
				69B8C0D1261D2D4600B4E4AC /* MesasgeItemTableViewCell.swift */,
			);
			path = message;
			sourceTree = "<group>";
		};
		6969ECD72613448B008CB0B2 /* contact */ = {
			isa = PBXGroup;
			children = (
				6969ECBF26134294008CB0B2 /* ContactViewControllerViewController.swift */,
			);
			path = contact;
			sourceTree = "<group>";
		};
		6969ECD9261344BD008CB0B2 /* wallet */ = {
			isa = PBXGroup;
			children = (
				6969ECDA261344CA008CB0B2 /* WalletViewController.swift */,
				69F8D0FD261AA544009D7AF3 /* NewWalletViewController.swift */,
			);
			path = wallet;
			sourceTree = "<group>";
		};
		69F8D100261AA603009D7AF3 /* model */ = {
			isa = PBXGroup;
			children = (
				69F8D101261AA615009D7AF3 /* Wallet.swift */,
				69F8D106261AA7FE009D7AF3 /* CoreData.swift */,
				69B8C0C2261C703800B4E4AC /* WebsocketSrv.swift */,
				69B8C0C7261C8AD100B4E4AC /* ServiceDelegate.swift */,
				69B8C0DB261D334100B4E4AC /* ChatItem.swift */,
				69B8C0E0261D334900B4E4AC /* MessageItem.swift */,
			);
			path = model;
			sourceTree = "<group>";
		};
		69F8D10A261AEA27009D7AF3 /* common */ = {
			isa = PBXGroup;
			children = (
				69F8D10B261AEA39009D7AF3 /* Utils.swift */,
				69B8C0BB261C683100B4E4AC /* NJError.swift */,
				69B8C0D6261D2ED100B4E4AC /* PasswordViewController.swift */,
			);
			path = common;
			sourceTree = "<group>";
		};
		69F8D10F261B3626009D7AF3 /* Frameworks */ = {
			isa = PBXGroup;
			children = (
				69B8C0AE261C5F0100B4E4AC /* libbls384_256_sim.a */,
				69B8C069261C582B00B4E4AC /* libc++.1.tbd */,
				69B8C068261C582B00B4E4AC /* libc++.tbd */,
				69B8C06A261C582B00B4E4AC /* libc++abi.tbd */,
				69B8C065261C580400B4E4AC /* libbls384_256.a */,
				69F8D110261B3626009D7AF3 /* iosLib.framework */,
			);
			name = Frameworks;
			sourceTree = "<group>";
		};
/* End PBXGroup section */

/* Begin PBXNativeTarget section */
		6969ECB726134293008CB0B2 /* ninja-light */ = {
			isa = PBXNativeTarget;
			buildConfigurationList = 6969ECCF26134295008CB0B2 /* Build configuration list for PBXNativeTarget "ninja-light" */;
			buildPhases = (
				6969ECB426134293008CB0B2 /* Sources */,
				6969ECB526134293008CB0B2 /* Frameworks */,
				6969ECB626134293008CB0B2 /* Resources */,
				69B8C0B3261C635600B4E4AC /* cart */,
			);
			buildRules = (
			);
			dependencies = (
			);
			name = "ninja-light";
			productName = ninja;
			productReference = 6969ECB826134294008CB0B2 /* ninja-light.app */;
			productType = "com.apple.product-type.application";
		};
		69B8C08F261C5E1200B4E4AC /* ninja-light_sim */ = {
			isa = PBXNativeTarget;
			buildConfigurationList = 69B8C0A5261C5E1200B4E4AC /* Build configuration list for PBXNativeTarget "ninja-light_sim" */;
			buildPhases = (
				69B8C090261C5E1200B4E4AC /* Sources */,
				69B8C09B261C5E1200B4E4AC /* Frameworks */,
				69B8C0A1261C5E1200B4E4AC /* Resources */,
				69B8C0B6261C64E300B4E4AC /* ShellScript */,
			);
			buildRules = (
			);
			dependencies = (
			);
			name = "ninja-light_sim";
			productName = ninja;
			productReference = 69B8C0A8261C5E1200B4E4AC /* ninja-light_sim.app */;
			productType = "com.apple.product-type.application";
		};
/* End PBXNativeTarget section */

/* Begin PBXProject section */
		6969ECB026134293008CB0B2 /* Project object */ = {
			isa = PBXProject;
			attributes = {
				LastSwiftUpdateCheck = 1240;
				LastUpgradeCheck = 1240;
				TargetAttributes = {
					6969ECB726134293008CB0B2 = {
						CreatedOnToolsVersion = 12.4;
					};
				};
			};
			buildConfigurationList = 6969ECB326134293008CB0B2 /* Build configuration list for PBXProject "ninja-light" */;
			compatibilityVersion = "Xcode 9.3";
			developmentRegion = en;
			hasScannedForEncodings = 0;
			knownRegions = (
				en,
				Base,
			);
			mainGroup = 6969ECAF26134293008CB0B2;
			productRefGroup = 6969ECB926134294008CB0B2 /* Products */;
			projectDirPath = "";
			projectRoot = "";
			targets = (
				6969ECB726134293008CB0B2 /* ninja-light */,
				69B8C08F261C5E1200B4E4AC /* ninja-light_sim */,
			);
		};
/* End PBXProject section */

/* Begin PBXResourcesBuildPhase section */
		6969ECB626134293008CB0B2 /* Resources */ = {
			isa = PBXResourcesBuildPhase;
			buildActionMask = 2147483647;
			files = (
				6969ECCB26134295008CB0B2 /* LaunchScreen.storyboard in Resources */,
				6969ECC826134295008CB0B2 /* Assets.xcassets in Resources */,
				6969ECC326134294008CB0B2 /* Main.storyboard in Resources */,
			);
			runOnlyForDeploymentPostprocessing = 0;
		};
		69B8C0A1261C5E1200B4E4AC /* Resources */ = {
			isa = PBXResourcesBuildPhase;
			buildActionMask = 2147483647;
			files = (
				69B8C0A2261C5E1200B4E4AC /* LaunchScreen.storyboard in Resources */,
				69B8C0A3261C5E1200B4E4AC /* Assets.xcassets in Resources */,
				69B8C0A4261C5E1200B4E4AC /* Main.storyboard in Resources */,
			);
			runOnlyForDeploymentPostprocessing = 0;
		};
/* End PBXResourcesBuildPhase section */

/* Begin PBXShellScriptBuildPhase section */
		69B8C0B3261C635600B4E4AC /* cart */ = {
			isa = PBXShellScriptBuildPhase;
			buildActionMask = 2147483647;
			files = (
			);
			inputFileListPaths = (
			);
			inputPaths = (
				"$(SRCROOT)/Carthage/Build/iOS/SwiftyJSON.framework",
				"$(SRCROOT)/Carthage/Build/iOS/MBProgressHUD.framework",
			);
			name = cart;
			outputFileListPaths = (
			);
			outputPaths = (
			);
			runOnlyForDeploymentPostprocessing = 0;
			shellPath = /bin/sh;
			shellScript = "# Type a script or drag a script file from your workspace to insert its path.\n/usr/local/bin/carthage copy-frameworks\n";
		};
		69B8C0B6261C64E300B4E4AC /* ShellScript */ = {
			isa = PBXShellScriptBuildPhase;
			buildActionMask = 2147483647;
			files = (
			);
			inputFileListPaths = (
			);
			inputPaths = (
				"$(SRCROOT)/Carthage/Build/iOS/SwiftyJSON.framework",
				"$(SRCROOT)/Carthage/Build/iOS/MBProgressHUD.framework",
			);
			outputFileListPaths = (
			);
			outputPaths = (
			);
			runOnlyForDeploymentPostprocessing = 0;
			shellPath = /bin/sh;
			shellScript = "# Type a script or drag a script file from your workspace to insert its path.\n/usr/local/bin/carthage copy-frameworks\n";
		};
/* End PBXShellScriptBuildPhase section */

/* Begin PBXSourcesBuildPhase section */
		6969ECB426134293008CB0B2 /* Sources */ = {
			isa = PBXSourcesBuildPhase;
			buildActionMask = 2147483647;
			files = (
				69B8C0CD261D2C0900B4E4AC /* MessageListViewController.swift in Sources */,
				69B8C0BC261C683100B4E4AC /* NJError.swift in Sources */,
				69B8C0D2261D2D4600B4E4AC /* MesasgeItemTableViewCell.swift in Sources */,
				69F8D102261AA615009D7AF3 /* Wallet.swift in Sources */,
				69B8C0DC261D334100B4E4AC /* ChatItem.swift in Sources */,
				6969ECC026134294008CB0B2 /* ContactViewControllerViewController.swift in Sources */,
				6969ECBC26134294008CB0B2 /* AppDelegate.swift in Sources */,
				6969ECD526134450008CB0B2 /* MsgViewController.swift in Sources */,
				69F8D107261AA7FE009D7AF3 /* CoreData.swift in Sources */,
				69F8D10C261AEA39009D7AF3 /* Utils.swift in Sources */,
				69B8C0D7261D2ED100B4E4AC /* PasswordViewController.swift in Sources */,
				6969ECC626134294008CB0B2 /* ninja.xcdatamodeld in Sources */,
				69F8D0FE261AA544009D7AF3 /* NewWalletViewController.swift in Sources */,
				69B8C0C8261C8AD100B4E4AC /* ServiceDelegate.swift in Sources */,
				69B8C0E1261D334900B4E4AC /* MessageItem.swift in Sources */,
				6969ECBE26134294008CB0B2 /* SceneDelegate.swift in Sources */,
				69B8C0C3261C703800B4E4AC /* WebsocketSrv.swift in Sources */,
				6969ECDB261344CA008CB0B2 /* WalletViewController.swift in Sources */,
			);
			runOnlyForDeploymentPostprocessing = 0;
		};
		69B8C090261C5E1200B4E4AC /* Sources */ = {
			isa = PBXSourcesBuildPhase;
			buildActionMask = 2147483647;
			files = (
				69B8C0CE261D2C0900B4E4AC /* MessageListViewController.swift in Sources */,
				69B8C0BF261C689C00B4E4AC /* NJError.swift in Sources */,
				69B8C0D3261D2D4600B4E4AC /* MesasgeItemTableViewCell.swift in Sources */,
				69B8C091261C5E1200B4E4AC /* Wallet.swift in Sources */,
				69B8C0DD261D334100B4E4AC /* ChatItem.swift in Sources */,
				69B8C092261C5E1200B4E4AC /* ContactViewControllerViewController.swift in Sources */,
				69B8C093261C5E1200B4E4AC /* AppDelegate.swift in Sources */,
				69B8C094261C5E1200B4E4AC /* MsgViewController.swift in Sources */,
				69B8C095261C5E1200B4E4AC /* CoreData.swift in Sources */,
				69B8C096261C5E1200B4E4AC /* Utils.swift in Sources */,
				69B8C0D8261D2ED100B4E4AC /* PasswordViewController.swift in Sources */,
				69B8C097261C5E1200B4E4AC /* ninja.xcdatamodeld in Sources */,
				69B8C098261C5E1200B4E4AC /* NewWalletViewController.swift in Sources */,
				69B8C0C9261C8AD100B4E4AC /* ServiceDelegate.swift in Sources */,
				69B8C0E2261D334900B4E4AC /* MessageItem.swift in Sources */,
				69B8C099261C5E1200B4E4AC /* SceneDelegate.swift in Sources */,
				69B8C0C4261C703800B4E4AC /* WebsocketSrv.swift in Sources */,
				69B8C09A261C5E1200B4E4AC /* WalletViewController.swift in Sources */,
			);
			runOnlyForDeploymentPostprocessing = 0;
		};
/* End PBXSourcesBuildPhase section */

/* Begin PBXVariantGroup section */
		6969ECC126134294008CB0B2 /* Main.storyboard */ = {
			isa = PBXVariantGroup;
			children = (
				6969ECC226134294008CB0B2 /* Base */,
			);
			name = Main.storyboard;
			sourceTree = "<group>";
		};
		6969ECC926134295008CB0B2 /* LaunchScreen.storyboard */ = {
			isa = PBXVariantGroup;
			children = (
				6969ECCA26134295008CB0B2 /* Base */,
			);
			name = LaunchScreen.storyboard;
			sourceTree = "<group>";
		};
/* End PBXVariantGroup section */

/* Begin XCBuildConfiguration section */
		6969ECCD26134295008CB0B2 /* Debug */ = {
			isa = XCBuildConfiguration;
			buildSettings = {
				ALWAYS_SEARCH_USER_PATHS = NO;
				CLANG_ANALYZER_NONNULL = YES;
				CLANG_ANALYZER_NUMBER_OBJECT_CONVERSION = YES_AGGRESSIVE;
				CLANG_CXX_LANGUAGE_STANDARD = "gnu++14";
				CLANG_CXX_LIBRARY = "libc++";
				CLANG_ENABLE_MODULES = YES;
				CLANG_ENABLE_OBJC_ARC = YES;
				CLANG_ENABLE_OBJC_WEAK = YES;
				CLANG_WARN_BLOCK_CAPTURE_AUTORELEASING = YES;
				CLANG_WARN_BOOL_CONVERSION = YES;
				CLANG_WARN_COMMA = YES;
				CLANG_WARN_CONSTANT_CONVERSION = YES;
				CLANG_WARN_DEPRECATED_OBJC_IMPLEMENTATIONS = YES;
				CLANG_WARN_DIRECT_OBJC_ISA_USAGE = YES_ERROR;
				CLANG_WARN_DOCUMENTATION_COMMENTS = YES;
				CLANG_WARN_EMPTY_BODY = YES;
				CLANG_WARN_ENUM_CONVERSION = YES;
				CLANG_WARN_INFINITE_RECURSION = YES;
				CLANG_WARN_INT_CONVERSION = YES;
				CLANG_WARN_NON_LITERAL_NULL_CONVERSION = YES;
				CLANG_WARN_OBJC_IMPLICIT_RETAIN_SELF = YES;
				CLANG_WARN_OBJC_LITERAL_CONVERSION = YES;
				CLANG_WARN_OBJC_ROOT_CLASS = YES_ERROR;
				CLANG_WARN_QUOTED_INCLUDE_IN_FRAMEWORK_HEADER = YES;
				CLANG_WARN_RANGE_LOOP_ANALYSIS = YES;
				CLANG_WARN_STRICT_PROTOTYPES = YES;
				CLANG_WARN_SUSPICIOUS_MOVE = YES;
				CLANG_WARN_UNGUARDED_AVAILABILITY = YES_AGGRESSIVE;
				CLANG_WARN_UNREACHABLE_CODE = YES;
				CLANG_WARN__DUPLICATE_METHOD_MATCH = YES;
				COPY_PHASE_STRIP = NO;
				DEBUG_INFORMATION_FORMAT = dwarf;
				ENABLE_STRICT_OBJC_MSGSEND = YES;
				ENABLE_TESTABILITY = YES;
				GCC_C_LANGUAGE_STANDARD = gnu11;
				GCC_DYNAMIC_NO_PIC = NO;
				GCC_NO_COMMON_BLOCKS = YES;
				GCC_OPTIMIZATION_LEVEL = 0;
				GCC_PREPROCESSOR_DEFINITIONS = (
					"DEBUG=1",
					"$(inherited)",
				);
				GCC_WARN_64_TO_32_BIT_CONVERSION = YES;
				GCC_WARN_ABOUT_RETURN_TYPE = YES_ERROR;
				GCC_WARN_UNDECLARED_SELECTOR = YES;
				GCC_WARN_UNINITIALIZED_AUTOS = YES_AGGRESSIVE;
				GCC_WARN_UNUSED_FUNCTION = YES;
				GCC_WARN_UNUSED_VARIABLE = YES;
				IPHONEOS_DEPLOYMENT_TARGET = 14.4;
				MTL_ENABLE_DEBUG_INFO = INCLUDE_SOURCE;
				MTL_FAST_MATH = YES;
				ONLY_ACTIVE_ARCH = YES;
				SDKROOT = iphoneos;
				SWIFT_ACTIVE_COMPILATION_CONDITIONS = DEBUG;
				SWIFT_OPTIMIZATION_LEVEL = "-Onone";
			};
			name = Debug;
		};
		6969ECCE26134295008CB0B2 /* Release */ = {
			isa = XCBuildConfiguration;
			buildSettings = {
				ALWAYS_SEARCH_USER_PATHS = NO;
				CLANG_ANALYZER_NONNULL = YES;
				CLANG_ANALYZER_NUMBER_OBJECT_CONVERSION = YES_AGGRESSIVE;
				CLANG_CXX_LANGUAGE_STANDARD = "gnu++14";
				CLANG_CXX_LIBRARY = "libc++";
				CLANG_ENABLE_MODULES = YES;
				CLANG_ENABLE_OBJC_ARC = YES;
				CLANG_ENABLE_OBJC_WEAK = YES;
				CLANG_WARN_BLOCK_CAPTURE_AUTORELEASING = YES;
				CLANG_WARN_BOOL_CONVERSION = YES;
				CLANG_WARN_COMMA = YES;
				CLANG_WARN_CONSTANT_CONVERSION = YES;
				CLANG_WARN_DEPRECATED_OBJC_IMPLEMENTATIONS = YES;
				CLANG_WARN_DIRECT_OBJC_ISA_USAGE = YES_ERROR;
				CLANG_WARN_DOCUMENTATION_COMMENTS = YES;
				CLANG_WARN_EMPTY_BODY = YES;
				CLANG_WARN_ENUM_CONVERSION = YES;
				CLANG_WARN_INFINITE_RECURSION = YES;
				CLANG_WARN_INT_CONVERSION = YES;
				CLANG_WARN_NON_LITERAL_NULL_CONVERSION = YES;
				CLANG_WARN_OBJC_IMPLICIT_RETAIN_SELF = YES;
				CLANG_WARN_OBJC_LITERAL_CONVERSION = YES;
				CLANG_WARN_OBJC_ROOT_CLASS = YES_ERROR;
				CLANG_WARN_QUOTED_INCLUDE_IN_FRAMEWORK_HEADER = YES;
				CLANG_WARN_RANGE_LOOP_ANALYSIS = YES;
				CLANG_WARN_STRICT_PROTOTYPES = YES;
				CLANG_WARN_SUSPICIOUS_MOVE = YES;
				CLANG_WARN_UNGUARDED_AVAILABILITY = YES_AGGRESSIVE;
				CLANG_WARN_UNREACHABLE_CODE = YES;
				CLANG_WARN__DUPLICATE_METHOD_MATCH = YES;
				COPY_PHASE_STRIP = NO;
				DEBUG_INFORMATION_FORMAT = "dwarf-with-dsym";
				ENABLE_NS_ASSERTIONS = NO;
				ENABLE_STRICT_OBJC_MSGSEND = YES;
				GCC_C_LANGUAGE_STANDARD = gnu11;
				GCC_NO_COMMON_BLOCKS = YES;
				GCC_WARN_64_TO_32_BIT_CONVERSION = YES;
				GCC_WARN_ABOUT_RETURN_TYPE = YES_ERROR;
				GCC_WARN_UNDECLARED_SELECTOR = YES;
				GCC_WARN_UNINITIALIZED_AUTOS = YES_AGGRESSIVE;
				GCC_WARN_UNUSED_FUNCTION = YES;
				GCC_WARN_UNUSED_VARIABLE = YES;
				IPHONEOS_DEPLOYMENT_TARGET = 14.4;
				MTL_ENABLE_DEBUG_INFO = NO;
				MTL_FAST_MATH = YES;
				SDKROOT = iphoneos;
				SWIFT_COMPILATION_MODE = wholemodule;
				SWIFT_OPTIMIZATION_LEVEL = "-O";
				VALIDATE_PRODUCT = YES;
			};
			name = Release;
		};
		6969ECD026134295008CB0B2 /* Debug */ = {
			isa = XCBuildConfiguration;
			buildSettings = {
				ASSETCATALOG_COMPILER_APPICON_NAME = AppIcon;
				ASSETCATALOG_COMPILER_GLOBAL_ACCENT_COLOR_NAME = AccentColor;
				CODE_SIGN_IDENTITY = "iPhone Developer";
				CODE_SIGN_STYLE = Manual;
				DEVELOPMENT_TEAM = 6A53CAFMZ9;
				FRAMEWORK_SEARCH_PATHS = (
					"$(PROJECT_DIR)/bin",
					"$(inherited)",
					"$(PROJECT_DIR)/Carthage/Build/iOS",
				);
				INFOPLIST_FILE = "$(SRCROOT)/ninja-light/Info.plist";
				IPHONEOS_DEPLOYMENT_TARGET = 13.0;
				LD_RUNPATH_SEARCH_PATHS = (
					"$(inherited)",
					"@executable_path/Frameworks",
				);
				LIBRARY_SEARCH_PATHS = (
					"$(inherited)",
					"$(PROJECT_DIR)/bin",
				);
				PRODUCT_BUNDLE_IDENTIFIER = com.hop.ninja.light;
				PRODUCT_NAME = "$(TARGET_NAME)";
				PROVISIONING_PROFILE_SPECIFIER = dev_ninja_light;
				SWIFT_VERSION = 5.0;
				TARGETED_DEVICE_FAMILY = 1;
			};
			name = Debug;
		};
		6969ECD126134295008CB0B2 /* Release */ = {
			isa = XCBuildConfiguration;
			buildSettings = {
				ASSETCATALOG_COMPILER_APPICON_NAME = AppIcon;
				ASSETCATALOG_COMPILER_GLOBAL_ACCENT_COLOR_NAME = AccentColor;
				CODE_SIGN_IDENTITY = "Apple Distribution: Lendger, Inc (6A53CAFMZ9)";
				CODE_SIGN_STYLE = Manual;
				DEVELOPMENT_TEAM = 6A53CAFMZ9;
				FRAMEWORK_SEARCH_PATHS = (
					"$(PROJECT_DIR)/bin",
					"$(inherited)",
					"$(PROJECT_DIR)/Carthage/Build/iOS",
				);
				INFOPLIST_FILE = "$(SRCROOT)/ninja-light/Info.plist";
				IPHONEOS_DEPLOYMENT_TARGET = 13.0;
				LD_RUNPATH_SEARCH_PATHS = (
					"$(inherited)",
					"@executable_path/Frameworks",
				);
				LIBRARY_SEARCH_PATHS = (
					"$(inherited)",
					"$(PROJECT_DIR)/bin",
				);
				PRODUCT_BUNDLE_IDENTIFIER = com.hop.ninja.light;
				PRODUCT_NAME = "$(TARGET_NAME)";
				PROVISIONING_PROFILE_SPECIFIER = release_ninja_light;
				SWIFT_VERSION = 5.0;
				TARGETED_DEVICE_FAMILY = 1;
			};
			name = Release;
		};
		69B8C0A6261C5E1200B4E4AC /* Debug */ = {
			isa = XCBuildConfiguration;
			buildSettings = {
				ASSETCATALOG_COMPILER_APPICON_NAME = AppIcon;
				ASSETCATALOG_COMPILER_GLOBAL_ACCENT_COLOR_NAME = AccentColor;
				CODE_SIGN_IDENTITY = "iPhone Developer";
				CODE_SIGN_STYLE = Manual;
				DEVELOPMENT_TEAM = 6A53CAFMZ9;
				FRAMEWORK_SEARCH_PATHS = (
					"$(PROJECT_DIR)/bin",
					"$(inherited)",
					"$(PROJECT_DIR)/Carthage/Build/iOS",
				);
				INFOPLIST_FILE = "ninja-light copy2-Info.plist";
				IPHONEOS_DEPLOYMENT_TARGET = 13.0;
				LD_RUNPATH_SEARCH_PATHS = (
					"$(inherited)",
					"@executable_path/Frameworks",
				);
				LIBRARY_SEARCH_PATHS = (
					"$(inherited)",
					"$(PROJECT_DIR)/bin",
				);
				PRODUCT_BUNDLE_IDENTIFIER = com.hop.ninja.light;
				PRODUCT_NAME = "$(TARGET_NAME)";
				PROVISIONING_PROFILE_SPECIFIER = dev_ninja_light;
				SWIFT_VERSION = 5.0;
				TARGETED_DEVICE_FAMILY = 1;
			};
			name = Debug;
		};
		69B8C0A7261C5E1200B4E4AC /* Release */ = {
			isa = XCBuildConfiguration;
			buildSettings = {
				ASSETCATALOG_COMPILER_APPICON_NAME = AppIcon;
				ASSETCATALOG_COMPILER_GLOBAL_ACCENT_COLOR_NAME = AccentColor;
				CODE_SIGN_IDENTITY = "Apple Distribution: Lendger, Inc (6A53CAFMZ9)";
				CODE_SIGN_STYLE = Manual;
				DEVELOPMENT_TEAM = 6A53CAFMZ9;
				FRAMEWORK_SEARCH_PATHS = (
					"$(PROJECT_DIR)/bin",
					"$(inherited)",
					"$(PROJECT_DIR)/Carthage/Build/iOS",
				);
				INFOPLIST_FILE = "ninja-light copy2-Info.plist";
				IPHONEOS_DEPLOYMENT_TARGET = 13.0;
				LD_RUNPATH_SEARCH_PATHS = (
					"$(inherited)",
					"@executable_path/Frameworks",
				);
				LIBRARY_SEARCH_PATHS = (
					"$(inherited)",
					"$(PROJECT_DIR)/bin",
				);
				PRODUCT_BUNDLE_IDENTIFIER = com.hop.ninja.light;
				PRODUCT_NAME = "$(TARGET_NAME)";
				PROVISIONING_PROFILE_SPECIFIER = release_ninja_light;
				SWIFT_VERSION = 5.0;
				TARGETED_DEVICE_FAMILY = 1;
			};
			name = Release;
		};
/* End XCBuildConfiguration section */

/* Begin XCConfigurationList section */
		6969ECB326134293008CB0B2 /* Build configuration list for PBXProject "ninja-light" */ = {
			isa = XCConfigurationList;
			buildConfigurations = (
				6969ECCD26134295008CB0B2 /* Debug */,
				6969ECCE26134295008CB0B2 /* Release */,
			);
			defaultConfigurationIsVisible = 0;
			defaultConfigurationName = Release;
		};
		6969ECCF26134295008CB0B2 /* Build configuration list for PBXNativeTarget "ninja-light" */ = {
			isa = XCConfigurationList;
			buildConfigurations = (
				6969ECD026134295008CB0B2 /* Debug */,
				6969ECD126134295008CB0B2 /* Release */,
			);
			defaultConfigurationIsVisible = 0;
			defaultConfigurationName = Release;
		};
		69B8C0A5261C5E1200B4E4AC /* Build configuration list for PBXNativeTarget "ninja-light_sim" */ = {
			isa = XCConfigurationList;
			buildConfigurations = (
				69B8C0A6261C5E1200B4E4AC /* Debug */,
				69B8C0A7261C5E1200B4E4AC /* Release */,
			);
			defaultConfigurationIsVisible = 0;
			defaultConfigurationName = Release;
		};
/* End XCConfigurationList section */

/* Begin XCVersionGroup section */
		6969ECC426134294008CB0B2 /* ninja.xcdatamodeld */ = {
			isa = XCVersionGroup;
			children = (
				6969ECC526134294008CB0B2 /* ninja.xcdatamodel */,
			);
			currentVersion = 6969ECC526134294008CB0B2 /* ninja.xcdatamodel */;
			path = ninja.xcdatamodeld;
			sourceTree = "<group>";
			versionGroupType = wrapper.xcdatamodel;
		};
/* End XCVersionGroup section */
	};
	rootObject = 6969ECB026134293008CB0B2 /* Project object */;
}
